// !$*UTF8*$!
{
	archiveVersion = 1;
	classes = {
	};
	objectVersion = 50;
	objects = {

/* Begin PBXBuildFile section */
		91AE1F7924CB497600B77C7B /* AppDelegate.swift in Sources */ = {isa = PBXBuildFile; fileRef = 91AE1F7824CB497600B77C7B /* AppDelegate.swift */; };
		91AE1F7B24CB497600B77C7B /* SceneDelegate.swift in Sources */ = {isa = PBXBuildFile; fileRef = 91AE1F7A24CB497600B77C7B /* SceneDelegate.swift */; };
		91AE1F7D24CB497600B77C7B /* ContentView.swift in Sources */ = {isa = PBXBuildFile; fileRef = 91AE1F7C24CB497600B77C7B /* ContentView.swift */; };
		91AE1F7F24CB497900B77C7B /* Assets.xcassets in Resources */ = {isa = PBXBuildFile; fileRef = 91AE1F7E24CB497900B77C7B /* Assets.xcassets */; };
		91AE1F8224CB497900B77C7B /* Preview Assets.xcassets in Resources */ = {isa = PBXBuildFile; fileRef = 91AE1F8124CB497900B77C7B /* Preview Assets.xcassets */; };
		91AE1F8524CB497900B77C7B /* LaunchScreen.storyboard in Resources */ = {isa = PBXBuildFile; fileRef = 91AE1F8324CB497900B77C7B /* LaunchScreen.storyboard */; };
		91AE1F9024CB497900B77C7B /* LandmarkTests.swift in Sources */ = {isa = PBXBuildFile; fileRef = 91AE1F8F24CB497900B77C7B /* LandmarkTests.swift */; };
		91AE1F9B24CB519E00B77C7B /* CircleImage.swift in Sources */ = {isa = PBXBuildFile; fileRef = 91AE1F9A24CB519E00B77C7B /* CircleImage.swift */; };
		91AE1F9D24CB537A00B77C7B /* MapView.swift in Sources */ = {isa = PBXBuildFile; fileRef = 91AE1F9C24CB537A00B77C7B /* MapView.swift */; };
/* End PBXBuildFile section */

/* Begin PBXContainerItemProxy section */
		91AE1F8C24CB497900B77C7B /* PBXContainerItemProxy */ = {
			isa = PBXContainerItemProxy;
			containerPortal = 91AE1F6D24CB497600B77C7B /* Project object */;
			proxyType = 1;
			remoteGlobalIDString = 91AE1F7424CB497600B77C7B;
			remoteInfo = Landmark;
		};
/* End PBXContainerItemProxy section */

/* Begin PBXFileReference section */
		91AE1F7524CB497600B77C7B /* Landmark.app */ = {isa = PBXFileReference; explicitFileType = wrapper.application; includeInIndex = 0; path = Landmark.app; sourceTree = BUILT_PRODUCTS_DIR; };
		91AE1F7824CB497600B77C7B /* AppDelegate.swift */ = {isa = PBXFileReference; lastKnownFileType = sourcecode.swift; path = AppDelegate.swift; sourceTree = "<group>"; };
		91AE1F7A24CB497600B77C7B /* SceneDelegate.swift */ = {isa = PBXFileReference; lastKnownFileType = sourcecode.swift; path = SceneDelegate.swift; sourceTree = "<group>"; };
		91AE1F7C24CB497600B77C7B /* ContentView.swift */ = {isa = PBXFileReference; lastKnownFileType = sourcecode.swift; path = ContentView.swift; sourceTree = "<group>"; };
		91AE1F7E24CB497900B77C7B /* Assets.xcassets */ = {isa = PBXFileReference; lastKnownFileType = folder.assetcatalog; path = Assets.xcassets; sourceTree = "<group>"; };
		91AE1F8124CB497900B77C7B /* Preview Assets.xcassets */ = {isa = PBXFileReference; lastKnownFileType = folder.assetcatalog; path = "Preview Assets.xcassets"; sourceTree = "<group>"; };
		91AE1F8424CB497900B77C7B /* Base */ = {isa = PBXFileReference; lastKnownFileType = file.storyboard; name = Base; path = Base.lproj/LaunchScreen.storyboard; sourceTree = "<group>"; };
		91AE1F8624CB497900B77C7B /* Info.plist */ = {isa = PBXFileReference; lastKnownFileType = text.plist.xml; path = Info.plist; sourceTree = "<group>"; };
		91AE1F8B24CB497900B77C7B /* LandmarkTests.xctest */ = {isa = PBXFileReference; explicitFileType = wrapper.cfbundle; includeInIndex = 0; path = LandmarkTests.xctest; sourceTree = BUILT_PRODUCTS_DIR; };
		91AE1F8F24CB497900B77C7B /* LandmarkTests.swift */ = {isa = PBXFileReference; lastKnownFileType = sourcecode.swift; path = LandmarkTests.swift; sourceTree = "<group>"; };
		91AE1F9124CB497900B77C7B /* Info.plist */ = {isa = PBXFileReference; lastKnownFileType = text.plist.xml; path = Info.plist; sourceTree = "<group>"; };
		91AE1F9A24CB519E00B77C7B /* CircleImage.swift */ = {isa = PBXFileReference; lastKnownFileType = sourcecode.swift; path = CircleImage.swift; sourceTree = "<group>"; };
		91AE1F9C24CB537A00B77C7B /* MapView.swift */ = {isa = PBXFileReference; lastKnownFileType = sourcecode.swift; path = MapView.swift; sourceTree = "<group>"; };
/* End PBXFileReference section */

/* Begin PBXFrameworksBuildPhase section */
		91AE1F7224CB497600B77C7B /* Frameworks */ = {
			isa = PBXFrameworksBuildPhase;
			buildActionMask = 2147483647;
			files = (
			);
			runOnlyForDeploymentPostprocessing = 0;
		};
		91AE1F8824CB497900B77C7B /* Frameworks */ = {
			isa = PBXFrameworksBuildPhase;
			buildActionMask = 2147483647;
			files = (
			);
			runOnlyForDeploymentPostprocessing = 0;
		};
/* End PBXFrameworksBuildPhase section */

/* Begin PBXGroup section */
		91AE1F6C24CB497600B77C7B = {
			isa = PBXGroup;
			children = (
				91AE1F7724CB497600B77C7B /* Landmark */,
				91AE1F8E24CB497900B77C7B /* LandmarkTests */,
				91AE1F7624CB497600B77C7B /* Products */,
			);
			sourceTree = "<group>";
		};
		91AE1F7624CB497600B77C7B /* Products */ = {
			isa = PBXGroup;
			children = (
				91AE1F7524CB497600B77C7B /* Landmark.app */,
				91AE1F8B24CB497900B77C7B /* LandmarkTests.xctest */,
			);
			name = Products;
			sourceTree = "<group>";
		};
		91AE1F7724CB497600B77C7B /* Landmark */ = {
			isa = PBXGroup;
			children = (
				91AE1F7824CB497600B77C7B /* AppDelegate.swift */,
				91AE1F7A24CB497600B77C7B /* SceneDelegate.swift */,
				91AE1F7C24CB497600B77C7B /* ContentView.swift */,
				91AE1F9A24CB519E00B77C7B /* CircleImage.swift */,
				91AE1F9C24CB537A00B77C7B /* MapView.swift */,
				91AE1F7E24CB497900B77C7B /* Assets.xcassets */,
				91AE1F8324CB497900B77C7B /* LaunchScreen.storyboard */,
				91AE1F8624CB497900B77C7B /* Info.plist */,
				91AE1F8024CB497900B77C7B /* Preview Content */,
			);
			path = Landmark;
			sourceTree = "<group>";
		};
		91AE1F8024CB497900B77C7B /* Preview Content */ = {
			isa = PBXGroup;
			children = (
				91AE1F8124CB497900B77C7B /* Preview Assets.xcassets */,
			);
			path = "Preview Content";
			sourceTree = "<group>";
		};
		91AE1F8E24CB497900B77C7B /* LandmarkTests */ = {
			isa = PBXGroup;
			children = (
				91AE1F8F24CB497900B77C7B /* LandmarkTests.swift */,
				91AE1F9124CB497900B77C7B /* Info.plist */,
			);
			path = LandmarkTests;
			sourceTree = "<group>";
		};
/* End PBXGroup section */

/* Begin PBXNativeTarget section */
		91AE1F7424CB497600B77C7B /* Landmark */ = {
			isa = PBXNativeTarget;
			buildConfigurationList = 91AE1F9424CB497900B77C7B /* Build configuration list for PBXNativeTarget "Landmark" */;
			buildPhases = (
				91AE1F7124CB497600B77C7B /* Sources */,
				91AE1F7224CB497600B77C7B /* Frameworks */,
				91AE1F7324CB497600B77C7B /* Resources */,
			);
			buildRules = (
			);
			dependencies = (
			);
			name = Landmark;
			productName = Landmark;
			productReference = 91AE1F7524CB497600B77C7B /* Landmark.app */;
			productType = "com.apple.product-type.application";
		};
		91AE1F8A24CB497900B77C7B /* LandmarkTests */ = {
			isa = PBXNativeTarget;
			buildConfigurationList = 91AE1F9724CB497900B77C7B /* Build configuration list for PBXNativeTarget "LandmarkTests" */;
			buildPhases = (
				91AE1F8724CB497900B77C7B /* Sources */,
				91AE1F8824CB497900B77C7B /* Frameworks */,
				91AE1F8924CB497900B77C7B /* Resources */,
			);
			buildRules = (
			);
			dependencies = (
				91AE1F8D24CB497900B77C7B /* PBXTargetDependency */,
			);
			name = LandmarkTests;
			productName = LandmarkTests;
			productReference = 91AE1F8B24CB497900B77C7B /* LandmarkTests.xctest */;
			productType = "com.apple.product-type.bundle.unit-test";
		};
/* End PBXNativeTarget section */

/* Begin PBXProject section */
		91AE1F6D24CB497600B77C7B /* Project object */ = {
			isa = PBXProject;
			attributes = {
				LastSwiftUpdateCheck = 1140;
				LastUpgradeCheck = 1140;
				ORGANIZATIONNAME = Sateesh;
				TargetAttributes = {
					91AE1F7424CB497600B77C7B = {
						CreatedOnToolsVersion = 11.4.1;
					};
					91AE1F8A24CB497900B77C7B = {
						CreatedOnToolsVersion = 11.4.1;
						TestTargetID = 91AE1F7424CB497600B77C7B;
					};
				};
			};
			buildConfigurationList = 91AE1F7024CB497600B77C7B /* Build configuration list for PBXProject "Landmark" */;
			compatibilityVersion = "Xcode 9.3";
			developmentRegion = en;
			hasScannedForEncodings = 0;
			knownRegions = (
				en,
				Base,
			);
			mainGroup = 91AE1F6C24CB497600B77C7B;
			productRefGroup = 91AE1F7624CB497600B77C7B /* Products */;
			projectDirPath = "";
			projectRoot = "";
			targets = (
				91AE1F7424CB497600B77C7B /* Landmark */,
				91AE1F8A24CB497900B77C7B /* LandmarkTests */,
			);
		};
/* End PBXProject section */

/* Begin PBXResourcesBuildPhase section */
		91AE1F7324CB497600B77C7B /* Resources */ = {
			isa = PBXResourcesBuildPhase;
			buildActionMask = 2147483647;
			files = (
				91AE1F8524CB497900B77C7B /* LaunchScreen.storyboard in Resources */,
				91AE1F8224CB497900B77C7B /* Preview Assets.xcassets in Resources */,
				91AE1F7F24CB497900B77C7B /* Assets.xcassets in Resources */,
			);
			runOnlyForDeploymentPostprocessing = 0;
		};
		91AE1F8924CB497900B77C7B /* Resources */ = {
			isa = PBXResourcesBuildPhase;
			buildActionMask = 2147483647;
			files = (
			);
			runOnlyForDeploymentPostprocessing = 0;
		};
/* End PBXResourcesBuildPhase section */

/* Begin PBXSourcesBuildPhase section */
		91AE1F7124CB497600B77C7B /* Sources */ = {
			isa = PBXSourcesBuildPhase;
			buildActionMask = 2147483647;
			files = (
				91AE1F7924CB497600B77C7B /* AppDelegate.swift in Sources */,
				91AE1F9B24CB519E00B77C7B /* CircleImage.swift in Sources */,
				91AE1F9D24CB537A00B77C7B /* MapView.swift in Sources */,
				91AE1F7B24CB497600B77C7B /* SceneDelegate.swift in Sources */,
				91AE1F7D24CB497600B77C7B /* ContentView.swift in Sources */,
			);
			runOnlyForDeploymentPostprocessing = 0;
		};
		91AE1F8724CB497900B77C7B /* Sources */ = {
			isa = PBXSourcesBuildPhase;
			buildActionMask = 2147483647;
			files = (
				91AE1F9024CB497900B77C7B /* LandmarkTests.swift in Sources */,
			);
			runOnlyForDeploymentPostprocessing = 0;
		};
/* End PBXSourcesBuildPhase section */

/* Begin PBXTargetDependency section */
		91AE1F8D24CB497900B77C7B /* PBXTargetDependency */ = {
			isa = PBXTargetDependency;
			target = 91AE1F7424CB497600B77C7B /* Landmark */;
			targetProxy = 91AE1F8C24CB497900B77C7B /* PBXContainerItemProxy */;
		};
/* End PBXTargetDependency section */

/* Begin PBXVariantGroup section */
		91AE1F8324CB497900B77C7B /* LaunchScreen.storyboard */ = {
			isa = PBXVariantGroup;
			children = (
				91AE1F8424CB497900B77C7B /* Base */,
			);
			name = LaunchScreen.storyboard;
			sourceTree = "<group>";
		};
/* End PBXVariantGroup section */

/* Begin XCBuildConfiguration section */
		91AE1F9224CB497900B77C7B /* Debug */ = {
			isa = XCBuildConfiguration;
			buildSettings = {
				ALWAYS_SEARCH_USER_PATHS = NO;
				CLANG_ANALYZER_NONNULL = YES;
				CLANG_ANALYZER_NUMBER_OBJECT_CONVERSION = YES_AGGRESSIVE;
				CLANG_CXX_LANGUAGE_STANDARD = "gnu++14";
				CLANG_CXX_LIBRARY = "libc++";
				CLANG_ENABLE_MODULES = YES;
				CLANG_ENABLE_OBJC_ARC = YES;
				CLANG_ENABLE_OBJC_WEAK = YES;
				CLANG_WARN_BLOCK_CAPTURE_AUTORELEASING = YES;
				CLANG_WARN_BOOL_CONVERSION = YES;
				CLANG_WARN_COMMA = YES;
				CLANG_WARN_CONSTANT_CONVERSION = YES;
				CLANG_WARN_DEPRECATED_OBJC_IMPLEMENTATIONS = YES;
				CLANG_WARN_DIRECT_OBJC_ISA_USAGE = YES_ERROR;
				CLANG_WARN_DOCUMENTATION_COMMENTS = YES;
				CLANG_WARN_EMPTY_BODY = YES;
				CLANG_WARN_ENUM_CONVERSION = YES;
				CLANG_WARN_INFINITE_RECURSION = YES;
				CLANG_WARN_INT_CONVERSION = YES;
				CLANG_WARN_NON_LITERAL_NULL_CONVERSION = YES;
				CLANG_WARN_OBJC_IMPLICIT_RETAIN_SELF = YES;
				CLANG_WARN_OBJC_LITERAL_CONVERSION = YES;
				CLANG_WARN_OBJC_ROOT_CLASS = YES_ERROR;
				CLANG_WARN_RANGE_LOOP_ANALYSIS = YES;
				CLANG_WARN_STRICT_PROTOTYPES = YES;
				CLANG_WARN_SUSPICIOUS_MOVE = YES;
				CLANG_WARN_UNGUARDED_AVAILABILITY = YES_AGGRESSIVE;
				CLANG_WARN_UNREACHABLE_CODE = YES;
				CLANG_WARN__DUPLICATE_METHOD_MATCH = YES;
				COPY_PHASE_STRIP = NO;
				DEBUG_INFORMATION_FORMAT = dwarf;
				ENABLE_STRICT_OBJC_MSGSEND = YES;
				ENABLE_TESTABILITY = YES;
				GCC_C_LANGUAGE_STANDARD = gnu11;
				GCC_DYNAMIC_NO_PIC = NO;
				GCC_NO_COMMON_BLOCKS = YES;
				GCC_OPTIMIZATION_LEVEL = 0;
				GCC_PREPROCESSOR_DEFINITIONS = (
					"DEBUG=1",
					"$(inherited)",
				);
				GCC_WARN_64_TO_32_BIT_CONVERSION = YES;
				GCC_WARN_ABOUT_RETURN_TYPE = YES_ERROR;
				GCC_WARN_UNDECLARED_SELECTOR = YES;
				GCC_WARN_UNINITIALIZED_AUTOS = YES_AGGRESSIVE;
				GCC_WARN_UNUSED_FUNCTION = YES;
				GCC_WARN_UNUSED_VARIABLE = YES;
				IPHONEOS_DEPLOYMENT_TARGET = 13.4;
				MTL_ENABLE_DEBUG_INFO = INCLUDE_SOURCE;
				MTL_FAST_MATH = YES;
				ONLY_ACTIVE_ARCH = YES;
				SDKROOT = iphoneos;
				SWIFT_ACTIVE_COMPILATION_CONDITIONS = DEBUG;
				SWIFT_OPTIMIZATION_LEVEL = "-Onone";
			};
			name = Debug;
		};
		91AE1F9324CB497900B77C7B /* Release */ = {
			isa = XCBuildConfiguration;
			buildSettings = {
				ALWAYS_SEARCH_USER_PATHS = NO;
				CLANG_ANALYZER_NONNULL = YES;
				CLANG_ANALYZER_NUMBER_OBJECT_CONVERSION = YES_AGGRESSIVE;
				CLANG_CXX_LANGUAGE_STANDARD = "gnu++14";
				CLANG_CXX_LIBRARY = "libc++";
				CLANG_ENABLE_MODULES = YES;
				CLANG_ENABLE_OBJC_ARC = YES;
				CLANG_ENABLE_OBJC_WEAK = YES;
				CLANG_WARN_BLOCK_CAPTURE_AUTORELEASING = YES;
				CLANG_WARN_BOOL_CONVERSION = YES;
				CLANG_WARN_COMMA = YES;
				CLANG_WARN_CONSTANT_CONVERSION = YES;
				CLANG_WARN_DEPRECATED_OBJC_IMPLEMENTATIONS = YES;
				CLANG_WARN_DIRECT_OBJC_ISA_USAGE = YES_ERROR;
				CLANG_WARN_DOCUMENTATION_COMMENTS = YES;
				CLANG_WARN_EMPTY_BODY = YES;
				CLANG_WARN_ENUM_CONVERSION = YES;
				CLANG_WARN_INFINITE_RECURSION = YES;
				CLANG_WARN_INT_CONVERSION = YES;
				CLANG_WARN_NON_LITERAL_NULL_CONVERSION = YES;
				CLANG_WARN_OBJC_IMPLICIT_RETAIN_SELF = YES;
				CLANG_WARN_OBJC_LITERAL_CONVERSION = YES;
				CLANG_WARN_OBJC_ROOT_CLASS = YES_ERROR;
				CLANG_WARN_RANGE_LOOP_ANALYSIS = YES;
				CLANG_WARN_STRICT_PROTOTYPES = YES;
				CLANG_WARN_SUSPICIOUS_MOVE = YES;
				CLANG_WARN_UNGUARDED_AVAILABILITY = YES_AGGRESSIVE;
				CLANG_WARN_UNREACHABLE_CODE = YES;
				CLANG_WARN__DUPLICATE_METHOD_MATCH = YES;
				COPY_PHASE_STRIP = NO;
				DEBUG_INFORMATION_FORMAT = "dwarf-with-dsym";
				ENABLE_NS_ASSERTIONS = NO;
				ENABLE_STRICT_OBJC_MSGSEND = YES;
				GCC_C_LANGUAGE_STANDARD = gnu11;
				GCC_NO_COMMON_BLOCKS = YES;
				GCC_WARN_64_TO_32_BIT_CONVERSION = YES;
				GCC_WARN_ABOUT_RETURN_TYPE = YES_ERROR;
				GCC_WARN_UNDECLARED_SELECTOR = YES;
				GCC_WARN_UNINITIALIZED_AUTOS = YES_AGGRESSIVE;
				GCC_WARN_UNUSED_FUNCTION = YES;
				GCC_WARN_UNUSED_VARIABLE = YES;
				IPHONEOS_DEPLOYMENT_TARGET = 13.4;
				MTL_ENABLE_DEBUG_INFO = NO;
				MTL_FAST_MATH = YES;
				SDKROOT = iphoneos;
				SWIFT_COMPILATION_MODE = wholemodule;
				SWIFT_OPTIMIZATION_LEVEL = "-O";
				VALIDATE_PRODUCT = YES;
			};
			name = Release;
		};
		91AE1F9524CB497900B77C7B /* Debug */ = {
			isa = XCBuildConfiguration;
			buildSettings = {
				ASSETCATALOG_COMPILER_APPICON_NAME = AppIcon;
				CODE_SIGN_STYLE = Automatic;
				DEVELOPMENT_ASSET_PATHS = "\"Landmark/Preview Content\"";
				ENABLE_PREVIEWS = YES;
				INFOPLIST_FILE = Landmark/Info.plist;
				LD_RUNPATH_SEARCH_PATHS = (
					"$(inherited)",
					"@executable_path/Frameworks",
				);
				PRODUCT_BUNDLE_IDENTIFIER = com.sateesh.Landmark;
				PRODUCT_NAME = "$(TARGET_NAME)";
				SWIFT_VERSION = 5.0;
				TARGETED_DEVICE_FAMILY = "1,2";
			};
			name = Debug;
		};
		91AE1F9624CB497900B77C7B /* Release */ = {
			isa = XCBuildConfiguration;
			buildSettings = {
				ASSETCATALOG_COMPILER_APPICON_NAME = AppIcon;
				CODE_SIGN_STYLE = Automatic;
				DEVELOPMENT_ASSET_PATHS = "\"Landmark/Preview Content\"";
				ENABLE_PREVIEWS = YES;
				INFOPLIST_FILE = Landmark/Info.plist;
				LD_RUNPATH_SEARCH_PATHS = (
					"$(inherited)",
					"@executable_path/Frameworks",
				);
				PRODUCT_BUNDLE_IDENTIFIER = com.sateesh.Landmark;
				PRODUCT_NAME = "$(TARGET_NAME)";
				SWIFT_VERSION = 5.0;
				TARGETED_DEVICE_FAMILY = "1,2";
			};
			name = Release;
		};
		91AE1F9824CB497900B77C7B /* Debug */ = {
			isa = XCBuildConfiguration;
			buildSettings = {
				ALWAYS_EMBED_SWIFT_STANDARD_LIBRARIES = YES;
				BUNDLE_LOADER = "$(TEST_HOST)";
				CODE_SIGN_STYLE = Automatic;
				INFOPLIST_FILE = LandmarkTests/Info.plist;
				IPHONEOS_DEPLOYMENT_TARGET = 13.4;
				LD_RUNPATH_SEARCH_PATHS = (
					"$(inherited)",
					"@executable_path/Frameworks",
					"@loader_path/Frameworks",
				);
				PRODUCT_BUNDLE_IDENTIFIER = com.sateesh.LandmarkTests;
				PRODUCT_NAME = "$(TARGET_NAME)";
				SWIFT_VERSION = 5.0;
				TARGETED_DEVICE_FAMILY = "1,2";
				TEST_HOST = "$(BUILT_PRODUCTS_DIR)/Landmark.app/Landmark";
			};
			name = Debug;
		};
		91AE1F9924CB497900B77C7B /* Release */ = {
			isa = XCBuildConfiguration;
			buildSettings = {
				ALWAYS_EMBED_SWIFT_STANDARD_LIBRARIES = YES;
				BUNDLE_LOADER = "$(TEST_HOST)";
				CODE_SIGN_STYLE = Automatic;
				INFOPLIST_FILE = LandmarkTests/Info.plist;
				IPHONEOS_DEPLOYMENT_TARGET = 13.4;
				LD_RUNPATH_SEARCH_PATHS = (
					"$(inherited)",
					"@executable_path/Frameworks",
					"@loader_path/Frameworks",
				);
				PRODUCT_BUNDLE_IDENTIFIER = com.sateesh.LandmarkTests;
				PRODUCT_NAME = "$(TARGET_NAME)";
				SWIFT_VERSION = 5.0;
				TARGETED_DEVICE_FAMILY = "1,2";
				TEST_HOST = "$(BUILT_PRODUCTS_DIR)/Landmark.app/Landmark";
			};
			name = Release;
		};
/* End XCBuildConfiguration section */

/* Begin XCConfigurationList section */
		91AE1F7024CB497600B77C7B /* Build configuration list for PBXProject "Landmark" */ = {
			isa = XCConfigurationList;
			buildConfigurations = (
				91AE1F9224CB497900B77C7B /* Debug */,
				91AE1F9324CB497900B77C7B /* Release */,
			);
			defaultConfigurationIsVisible = 0;
			defaultConfigurationName = Release;
		};
		91AE1F9424CB497900B77C7B /* Build configuration list for PBXNativeTarget "Landmark" */ = {
			isa = XCConfigurationList;
			buildConfigurations = (
				91AE1F9524CB497900B77C7B /* Debug */,
				91AE1F9624CB497900B77C7B /* Release */,
			);
			defaultConfigurationIsVisible = 0;
			defaultConfigurationName = Release;
		};
		91AE1F9724CB497900B77C7B /* Build configuration list for PBXNativeTarget "LandmarkTests" */ = {
			isa = XCConfigurationList;
			buildConfigurations = (
				91AE1F9824CB497900B77C7B /* Debug */,
				91AE1F9924CB497900B77C7B /* Release */,
			);
			defaultConfigurationIsVisible = 0;
			defaultConfigurationName = Release;
		};
/* End XCConfigurationList section */
	};
	rootObject = 91AE1F6D24CB497600B77C7B /* Project object */;
}
